// !$*UTF8*$!
{
	archiveVersion = 1;
	classes = {
	};
	objectVersion = 55;
	objects = {

/* Begin PBXBuildFile section */
		10E34835277C873700E2E620 /* AppDelegate.swift in Sources */ = {isa = PBXBuildFile; fileRef = 10E34834277C873700E2E620 /* AppDelegate.swift */; };
		10E34839277C873700E2E620 /* MainController.swift in Sources */ = {isa = PBXBuildFile; fileRef = 10E34838277C873700E2E620 /* MainController.swift */; };
		10E3483E277C873700E2E620 /* Assets.xcassets in Resources */ = {isa = PBXBuildFile; fileRef = 10E3483D277C873700E2E620 /* Assets.xcassets */; };
		10E34841277C873700E2E620 /* LaunchScreen.storyboard in Resources */ = {isa = PBXBuildFile; fileRef = 10E3483F277C873700E2E620 /* LaunchScreen.storyboard */; };
		10E3484A277C88D200E2E620 /* Factories.swift in Sources */ = {isa = PBXBuildFile; fileRef = 10E34849277C88D200E2E620 /* Factories.swift */; };
		10E34851277C89C200E2E620 /* .gitignore in Resources */ = {isa = PBXBuildFile; fileRef = 10E34850277C89C200E2E620 /* .gitignore */; };
		10E34854277C8B4F00E2E620 /* BasicAnchors.swift in Sources */ = {isa = PBXBuildFile; fileRef = 10E34853277C8B4F00E2E620 /* BasicAnchors.swift */; };
		10E34856277C946B00E2E620 /* SafeAreaGuide.swift in Sources */ = {isa = PBXBuildFile; fileRef = 10E34855277C946B00E2E620 /* SafeAreaGuide.swift */; };
		10E34858277C954200E2E620 /* LayoutMargins.swift in Sources */ = {isa = PBXBuildFile; fileRef = 10E34857277C954200E2E620 /* LayoutMargins.swift */; };
		10E3485A277C978600E2E620 /* SpacerViews.swift in Sources */ = {isa = PBXBuildFile; fileRef = 10E34859277C978600E2E620 /* SpacerViews.swift */; };
		10E3485C277C996000E2E620 /* ReadebleContentGuide.swift in Sources */ = {isa = PBXBuildFile; fileRef = 10E3485B277C996000E2E620 /* ReadebleContentGuide.swift */; };
		10E3485E277C9BFA00E2E620 /* OverrideLabel.swift in Sources */ = {isa = PBXBuildFile; fileRef = 10E3485D277C9BFA00E2E620 /* OverrideLabel.swift */; };
		10E34860277C9E0800E2E620 /* CHCRForm.swift in Sources */ = {isa = PBXBuildFile; fileRef = 10E3485F277C9E0800E2E620 /* CHCRForm.swift */; };
		10E34862277C9F2100E2E620 /* CHCRImage.swift in Sources */ = {isa = PBXBuildFile; fileRef = 10E34861277C9F2100E2E620 /* CHCRImage.swift */; };
		10E34864277CCFB300E2E620 /* Fill.swift in Sources */ = {isa = PBXBuildFile; fileRef = 10E34863277CCFB300E2E620 /* Fill.swift */; };
		10E34866277CCFC800E2E620 /* FillEqually.swift in Sources */ = {isa = PBXBuildFile; fileRef = 10E34865277CCFC800E2E620 /* FillEqually.swift */; };
		10E34868277CCFD600E2E620 /* EqualSpacing.swift in Sources */ = {isa = PBXBuildFile; fileRef = 10E34867277CCFD600E2E620 /* EqualSpacing.swift */; };
		10E3486A277CCFF400E2E620 /* EqualCentering.swift in Sources */ = {isa = PBXBuildFile; fileRef = 10E34869277CCFF400E2E620 /* EqualCentering.swift */; };
		10E3486C277CD00900E2E620 /* CHRCFill.swift in Sources */ = {isa = PBXBuildFile; fileRef = 10E3486B277CD00900E2E620 /* CHRCFill.swift */; };
		10E3486E277CDEC300E2E620 /* RowView.swift in Sources */ = {isa = PBXBuildFile; fileRef = 10E3486D277CDEC300E2E620 /* RowView.swift */; };
		10E34870277CE26200E2E620 /* CustomView.swift in Sources */ = {isa = PBXBuildFile; fileRef = 10E3486F277CE26200E2E620 /* CustomView.swift */; };
		10E34872277CE68500E2E620 /* ScrollableView.swift in Sources */ = {isa = PBXBuildFile; fileRef = 10E34871277CE68500E2E620 /* ScrollableView.swift */; };
		10E34874277CEBF100E2E620 /* PaddingView.swift in Sources */ = {isa = PBXBuildFile; fileRef = 10E34873277CEBF100E2E620 /* PaddingView.swift */; };
/* End PBXBuildFile section */

/* Begin PBXFileReference section */
		10E34831277C873700E2E620 /* LearningAutoLayout.app */ = {isa = PBXFileReference; explicitFileType = wrapper.application; includeInIndex = 0; path = LearningAutoLayout.app; sourceTree = BUILT_PRODUCTS_DIR; };
		10E34834277C873700E2E620 /* AppDelegate.swift */ = {isa = PBXFileReference; lastKnownFileType = sourcecode.swift; path = AppDelegate.swift; sourceTree = "<group>"; };
		10E34838277C873700E2E620 /* MainController.swift */ = {isa = PBXFileReference; lastKnownFileType = sourcecode.swift; path = MainController.swift; sourceTree = "<group>"; };
		10E3483D277C873700E2E620 /* Assets.xcassets */ = {isa = PBXFileReference; lastKnownFileType = folder.assetcatalog; path = Assets.xcassets; sourceTree = "<group>"; };
		10E34840277C873700E2E620 /* Base */ = {isa = PBXFileReference; lastKnownFileType = file.storyboard; name = Base; path = Base.lproj/LaunchScreen.storyboard; sourceTree = "<group>"; };
		10E34842277C873700E2E620 /* Info.plist */ = {isa = PBXFileReference; lastKnownFileType = text.plist.xml; path = Info.plist; sourceTree = "<group>"; };
		10E34849277C88D200E2E620 /* Factories.swift */ = {isa = PBXFileReference; lastKnownFileType = sourcecode.swift; path = Factories.swift; sourceTree = "<group>"; };
		10E34850277C89C200E2E620 /* .gitignore */ = {isa = PBXFileReference; lastKnownFileType = text; path = .gitignore; sourceTree = "<group>"; };
		10E34853277C8B4F00E2E620 /* BasicAnchors.swift */ = {isa = PBXFileReference; lastKnownFileType = sourcecode.swift; path = BasicAnchors.swift; sourceTree = "<group>"; };
		10E34855277C946B00E2E620 /* SafeAreaGuide.swift */ = {isa = PBXFileReference; lastKnownFileType = sourcecode.swift; path = SafeAreaGuide.swift; sourceTree = "<group>"; };
		10E34857277C954200E2E620 /* LayoutMargins.swift */ = {isa = PBXFileReference; lastKnownFileType = sourcecode.swift; path = LayoutMargins.swift; sourceTree = "<group>"; };
		10E34859277C978600E2E620 /* SpacerViews.swift */ = {isa = PBXFileReference; lastKnownFileType = sourcecode.swift; path = SpacerViews.swift; sourceTree = "<group>"; };
		10E3485B277C996000E2E620 /* ReadebleContentGuide.swift */ = {isa = PBXFileReference; lastKnownFileType = sourcecode.swift; path = ReadebleContentGuide.swift; sourceTree = "<group>"; };
		10E3485D277C9BFA00E2E620 /* OverrideLabel.swift */ = {isa = PBXFileReference; lastKnownFileType = sourcecode.swift; path = OverrideLabel.swift; sourceTree = "<group>"; };
		10E3485F277C9E0800E2E620 /* CHCRForm.swift */ = {isa = PBXFileReference; lastKnownFileType = sourcecode.swift; path = CHCRForm.swift; sourceTree = "<group>"; };
		10E34861277C9F2100E2E620 /* CHCRImage.swift */ = {isa = PBXFileReference; lastKnownFileType = sourcecode.swift; path = CHCRImage.swift; sourceTree = "<group>"; };
		10E34863277CCFB300E2E620 /* Fill.swift */ = {isa = PBXFileReference; lastKnownFileType = sourcecode.swift; path = Fill.swift; sourceTree = "<group>"; };
		10E34865277CCFC800E2E620 /* FillEqually.swift */ = {isa = PBXFileReference; lastKnownFileType = sourcecode.swift; path = FillEqually.swift; sourceTree = "<group>"; };
		10E34867277CCFD600E2E620 /* EqualSpacing.swift */ = {isa = PBXFileReference; lastKnownFileType = sourcecode.swift; path = EqualSpacing.swift; sourceTree = "<group>"; };
		10E34869277CCFF400E2E620 /* EqualCentering.swift */ = {isa = PBXFileReference; lastKnownFileType = sourcecode.swift; path = EqualCentering.swift; sourceTree = "<group>"; };
		10E3486B277CD00900E2E620 /* CHRCFill.swift */ = {isa = PBXFileReference; lastKnownFileType = sourcecode.swift; path = CHRCFill.swift; sourceTree = "<group>"; };
		10E3486D277CDEC300E2E620 /* RowView.swift */ = {isa = PBXFileReference; lastKnownFileType = sourcecode.swift; path = RowView.swift; sourceTree = "<group>"; };
		10E3486F277CE26200E2E620 /* CustomView.swift */ = {isa = PBXFileReference; lastKnownFileType = sourcecode.swift; path = CustomView.swift; sourceTree = "<group>"; };
		10E34871277CE68500E2E620 /* ScrollableView.swift */ = {isa = PBXFileReference; lastKnownFileType = sourcecode.swift; path = ScrollableView.swift; sourceTree = "<group>"; };
		10E34873277CEBF100E2E620 /* PaddingView.swift */ = {isa = PBXFileReference; lastKnownFileType = sourcecode.swift; path = PaddingView.swift; sourceTree = "<group>"; };
/* End PBXFileReference section */

/* Begin PBXFrameworksBuildPhase section */
		10E3482E277C873700E2E620 /* Frameworks */ = {
			isa = PBXFrameworksBuildPhase;
			buildActionMask = 2147483647;
			files = (
			);
			runOnlyForDeploymentPostprocessing = 0;
		};
/* End PBXFrameworksBuildPhase section */

/* Begin PBXGroup section */
		10E34828277C873700E2E620 = {
			isa = PBXGroup;
			children = (
				10E34850277C89C200E2E620 /* .gitignore */,
				10E34833277C873700E2E620 /* LearningAutoLayout */,
				10E34832277C873700E2E620 /* Products */,
			);
			sourceTree = "<group>";
		};
		10E34832277C873700E2E620 /* Products */ = {
			isa = PBXGroup;
			children = (
				10E34831277C873700E2E620 /* LearningAutoLayout.app */,
			);
			name = Products;
			sourceTree = "<group>";
		};
		10E34833277C873700E2E620 /* LearningAutoLayout */ = {
			isa = PBXGroup;
			children = (
				10E34848277C888A00E2E620 /* Files */,
				10E3484B277C891800E2E620 /* Anchors */,
				10E3484C277C892000E2E620 /* IntrinsicContentSize */,
				10E3484F277C893E00E2E620 /* StackViews */,
				10E3484E277C893D00E2E620 /* Orientations */,
				10E3484D277C893C00E2E620 /* AdaptingLayouts */,
				10E34838277C873700E2E620 /* MainController.swift */,
				10E34849277C88D200E2E620 /* Factories.swift */,
				10E34834277C873700E2E620 /* AppDelegate.swift */,
			);
			path = LearningAutoLayout;
			sourceTree = "<group>";
		};
		10E34848277C888A00E2E620 /* Files */ = {
			isa = PBXGroup;
			children = (
				10E3483D277C873700E2E620 /* Assets.xcassets */,
				10E3483F277C873700E2E620 /* LaunchScreen.storyboard */,
				10E34842277C873700E2E620 /* Info.plist */,
			);
			path = Files;
			sourceTree = "<group>";
		};
		10E3484B277C891800E2E620 /* Anchors */ = {
			isa = PBXGroup;
			children = (
				10E34853277C8B4F00E2E620 /* BasicAnchors.swift */,
				10E34855277C946B00E2E620 /* SafeAreaGuide.swift */,
				10E34857277C954200E2E620 /* LayoutMargins.swift */,
				10E34859277C978600E2E620 /* SpacerViews.swift */,
				10E3485B277C996000E2E620 /* ReadebleContentGuide.swift */,
			);
			path = Anchors;
			sourceTree = "<group>";
		};
		10E3484C277C892000E2E620 /* IntrinsicContentSize */ = {
			isa = PBXGroup;
			children = (
				10E3485D277C9BFA00E2E620 /* OverrideLabel.swift */,
				10E3485F277C9E0800E2E620 /* CHCRForm.swift */,
				10E34861277C9F2100E2E620 /* CHCRImage.swift */,
			);
			path = IntrinsicContentSize;
			sourceTree = "<group>";
		};
		10E3484D277C893C00E2E620 /* AdaptingLayouts */ = {
			isa = PBXGroup;
			children = (
			);
			path = AdaptingLayouts;
			sourceTree = "<group>";
		};
		10E3484E277C893D00E2E620 /* Orientations */ = {
			isa = PBXGroup;
			children = (
			);
			name = Orientations;
			path = "New Group/Orientations";
			sourceTree = "<group>";
		};
		10E3484F277C893E00E2E620 /* StackViews */ = {
			isa = PBXGroup;
			children = (
				10E34852277C89F700E2E620 /* Distributions */,
				10E3486D277CDEC300E2E620 /* RowView.swift */,
				10E3486F277CE26200E2E620 /* CustomView.swift */,
				10E34871277CE68500E2E620 /* ScrollableView.swift */,
				10E34873277CEBF100E2E620 /* PaddingView.swift */,
			);
			name = StackViews;
			path = "New Group/New Group/StackViews";
			sourceTree = "<group>";
		};
		10E34852277C89F700E2E620 /* Distributions */ = {
			isa = PBXGroup;
			children = (
				10E34863277CCFB300E2E620 /* Fill.swift */,
				10E34865277CCFC800E2E620 /* FillEqually.swift */,
				10E34867277CCFD600E2E620 /* EqualSpacing.swift */,
				10E34869277CCFF400E2E620 /* EqualCentering.swift */,
				10E3486B277CD00900E2E620 /* CHRCFill.swift */,
			);
			path = Distributions;
			sourceTree = "<group>";
		};
/* End PBXGroup section */

/* Begin PBXNativeTarget section */
		10E34830277C873700E2E620 /* LearningAutoLayout */ = {
			isa = PBXNativeTarget;
			buildConfigurationList = 10E34845277C873700E2E620 /* Build configuration list for PBXNativeTarget "LearningAutoLayout" */;
			buildPhases = (
				10E3482D277C873700E2E620 /* Sources */,
				10E3482E277C873700E2E620 /* Frameworks */,
				10E3482F277C873700E2E620 /* Resources */,
			);
			buildRules = (
			);
			dependencies = (
			);
			name = LearningAutoLayout;
			productName = LearningAutoLayout;
			productReference = 10E34831277C873700E2E620 /* LearningAutoLayout.app */;
			productType = "com.apple.product-type.application";
		};
/* End PBXNativeTarget section */

/* Begin PBXProject section */
		10E34829277C873700E2E620 /* Project object */ = {
			isa = PBXProject;
			attributes = {
				BuildIndependentTargetsInParallel = 1;
				LastSwiftUpdateCheck = 1320;
				LastUpgradeCheck = 1320;
				TargetAttributes = {
					10E34830277C873700E2E620 = {
						CreatedOnToolsVersion = 13.2;
					};
				};
			};
			buildConfigurationList = 10E3482C277C873700E2E620 /* Build configuration list for PBXProject "LearningAutoLayout" */;
			compatibilityVersion = "Xcode 13.0";
			developmentRegion = en;
			hasScannedForEncodings = 0;
			knownRegions = (
				en,
				Base,
			);
			mainGroup = 10E34828277C873700E2E620;
			productRefGroup = 10E34832277C873700E2E620 /* Products */;
			projectDirPath = "";
			projectRoot = "";
			targets = (
				10E34830277C873700E2E620 /* LearningAutoLayout */,
			);
		};
/* End PBXProject section */

/* Begin PBXResourcesBuildPhase section */
		10E3482F277C873700E2E620 /* Resources */ = {
			isa = PBXResourcesBuildPhase;
			buildActionMask = 2147483647;
			files = (
				10E34841277C873700E2E620 /* LaunchScreen.storyboard in Resources */,
				10E34851277C89C200E2E620 /* .gitignore in Resources */,
				10E3483E277C873700E2E620 /* Assets.xcassets in Resources */,
			);
			runOnlyForDeploymentPostprocessing = 0;
		};
/* End PBXResourcesBuildPhase section */

/* Begin PBXSourcesBuildPhase section */
		10E3482D277C873700E2E620 /* Sources */ = {
			isa = PBXSourcesBuildPhase;
			buildActionMask = 2147483647;
			files = (
				10E3486C277CD00900E2E620 /* CHRCFill.swift in Sources */,
				10E3484A277C88D200E2E620 /* Factories.swift in Sources */,
				10E34858277C954200E2E620 /* LayoutMargins.swift in Sources */,
				10E34870277CE26200E2E620 /* CustomView.swift in Sources */,
				10E34872277CE68500E2E620 /* ScrollableView.swift in Sources */,
				10E34854277C8B4F00E2E620 /* BasicAnchors.swift in Sources */,
				10E3485A277C978600E2E620 /* SpacerViews.swift in Sources */,
				10E34864277CCFB300E2E620 /* Fill.swift in Sources */,
				10E34866277CCFC800E2E620 /* FillEqually.swift in Sources */,
				10E34839277C873700E2E620 /* MainController.swift in Sources */,
				10E34856277C946B00E2E620 /* SafeAreaGuide.swift in Sources */,
				10E3486E277CDEC300E2E620 /* RowView.swift in Sources */,
				10E3486A277CCFF400E2E620 /* EqualCentering.swift in Sources */,
				10E34862277C9F2100E2E620 /* CHCRImage.swift in Sources */,
				10E3485C277C996000E2E620 /* ReadebleContentGuide.swift in Sources */,
				10E3485E277C9BFA00E2E620 /* OverrideLabel.swift in Sources */,
				10E34835277C873700E2E620 /* AppDelegate.swift in Sources */,
				10E34868277CCFD600E2E620 /* EqualSpacing.swift in Sources */,
				10E34874277CEBF100E2E620 /* PaddingView.swift in Sources */,
				10E34860277C9E0800E2E620 /* CHCRForm.swift in Sources */,
			);
			runOnlyForDeploymentPostprocessing = 0;
		};
/* End PBXSourcesBuildPhase section */

/* Begin PBXVariantGroup section */
		10E3483F277C873700E2E620 /* LaunchScreen.storyboard */ = {
			isa = PBXVariantGroup;
			children = (
				10E34840277C873700E2E620 /* Base */,
			);
			name = LaunchScreen.storyboard;
			sourceTree = "<group>";
		};
/* End PBXVariantGroup section */

/* Begin XCBuildConfiguration section */
		10E34843277C873700E2E620 /* Debug */ = {
			isa = XCBuildConfiguration;
			buildSettings = {
				ALWAYS_SEARCH_USER_PATHS = NO;
				CLANG_ANALYZER_NONNULL = YES;
				CLANG_ANALYZER_NUMBER_OBJECT_CONVERSION = YES_AGGRESSIVE;
				CLANG_CXX_LANGUAGE_STANDARD = "gnu++17";
				CLANG_CXX_LIBRARY = "libc++";
				CLANG_ENABLE_MODULES = YES;
				CLANG_ENABLE_OBJC_ARC = YES;
				CLANG_ENABLE_OBJC_WEAK = YES;
				CLANG_WARN_BLOCK_CAPTURE_AUTORELEASING = YES;
				CLANG_WARN_BOOL_CONVERSION = YES;
				CLANG_WARN_COMMA = YES;
				CLANG_WARN_CONSTANT_CONVERSION = YES;
				CLANG_WARN_DEPRECATED_OBJC_IMPLEMENTATIONS = YES;
				CLANG_WARN_DIRECT_OBJC_ISA_USAGE = YES_ERROR;
				CLANG_WARN_DOCUMENTATION_COMMENTS = YES;
				CLANG_WARN_EMPTY_BODY = YES;
				CLANG_WARN_ENUM_CONVERSION = YES;
				CLANG_WARN_INFINITE_RECURSION = YES;
				CLANG_WARN_INT_CONVERSION = YES;
				CLANG_WARN_NON_LITERAL_NULL_CONVERSION = YES;
				CLANG_WARN_OBJC_IMPLICIT_RETAIN_SELF = YES;
				CLANG_WARN_OBJC_LITERAL_CONVERSION = YES;
				CLANG_WARN_OBJC_ROOT_CLASS = YES_ERROR;
				CLANG_WARN_QUOTED_INCLUDE_IN_FRAMEWORK_HEADER = YES;
				CLANG_WARN_RANGE_LOOP_ANALYSIS = YES;
				CLANG_WARN_STRICT_PROTOTYPES = YES;
				CLANG_WARN_SUSPICIOUS_MOVE = YES;
				CLANG_WARN_UNGUARDED_AVAILABILITY = YES_AGGRESSIVE;
				CLANG_WARN_UNREACHABLE_CODE = YES;
				CLANG_WARN__DUPLICATE_METHOD_MATCH = YES;
				COPY_PHASE_STRIP = NO;
				DEBUG_INFORMATION_FORMAT = dwarf;
				ENABLE_STRICT_OBJC_MSGSEND = YES;
				ENABLE_TESTABILITY = YES;
				GCC_C_LANGUAGE_STANDARD = gnu11;
				GCC_DYNAMIC_NO_PIC = NO;
				GCC_NO_COMMON_BLOCKS = YES;
				GCC_OPTIMIZATION_LEVEL = 0;
				GCC_PREPROCESSOR_DEFINITIONS = (
					"DEBUG=1",
					"$(inherited)",
				);
				GCC_WARN_64_TO_32_BIT_CONVERSION = YES;
				GCC_WARN_ABOUT_RETURN_TYPE = YES_ERROR;
				GCC_WARN_UNDECLARED_SELECTOR = YES;
				GCC_WARN_UNINITIALIZED_AUTOS = YES_AGGRESSIVE;
				GCC_WARN_UNUSED_FUNCTION = YES;
				GCC_WARN_UNUSED_VARIABLE = YES;
				IPHONEOS_DEPLOYMENT_TARGET = 15.2;
				MTL_ENABLE_DEBUG_INFO = INCLUDE_SOURCE;
				MTL_FAST_MATH = YES;
				ONLY_ACTIVE_ARCH = YES;
				SDKROOT = iphoneos;
				SWIFT_ACTIVE_COMPILATION_CONDITIONS = DEBUG;
				SWIFT_OPTIMIZATION_LEVEL = "-Onone";
			};
			name = Debug;
		};
		10E34844277C873700E2E620 /* Release */ = {
			isa = XCBuildConfiguration;
			buildSettings = {
				ALWAYS_SEARCH_USER_PATHS = NO;
				CLANG_ANALYZER_NONNULL = YES;
				CLANG_ANALYZER_NUMBER_OBJECT_CONVERSION = YES_AGGRESSIVE;
				CLANG_CXX_LANGUAGE_STANDARD = "gnu++17";
				CLANG_CXX_LIBRARY = "libc++";
				CLANG_ENABLE_MODULES = YES;
				CLANG_ENABLE_OBJC_ARC = YES;
				CLANG_ENABLE_OBJC_WEAK = YES;
				CLANG_WARN_BLOCK_CAPTURE_AUTORELEASING = YES;
				CLANG_WARN_BOOL_CONVERSION = YES;
				CLANG_WARN_COMMA = YES;
				CLANG_WARN_CONSTANT_CONVERSION = YES;
				CLANG_WARN_DEPRECATED_OBJC_IMPLEMENTATIONS = YES;
				CLANG_WARN_DIRECT_OBJC_ISA_USAGE = YES_ERROR;
				CLANG_WARN_DOCUMENTATION_COMMENTS = YES;
				CLANG_WARN_EMPTY_BODY = YES;
				CLANG_WARN_ENUM_CONVERSION = YES;
				CLANG_WARN_INFINITE_RECURSION = YES;
				CLANG_WARN_INT_CONVERSION = YES;
				CLANG_WARN_NON_LITERAL_NULL_CONVERSION = YES;
				CLANG_WARN_OBJC_IMPLICIT_RETAIN_SELF = YES;
				CLANG_WARN_OBJC_LITERAL_CONVERSION = YES;
				CLANG_WARN_OBJC_ROOT_CLASS = YES_ERROR;
				CLANG_WARN_QUOTED_INCLUDE_IN_FRAMEWORK_HEADER = YES;
				CLANG_WARN_RANGE_LOOP_ANALYSIS = YES;
				CLANG_WARN_STRICT_PROTOTYPES = YES;
				CLANG_WARN_SUSPICIOUS_MOVE = YES;
				CLANG_WARN_UNGUARDED_AVAILABILITY = YES_AGGRESSIVE;
				CLANG_WARN_UNREACHABLE_CODE = YES;
				CLANG_WARN__DUPLICATE_METHOD_MATCH = YES;
				COPY_PHASE_STRIP = NO;
				DEBUG_INFORMATION_FORMAT = "dwarf-with-dsym";
				ENABLE_NS_ASSERTIONS = NO;
				ENABLE_STRICT_OBJC_MSGSEND = YES;
				GCC_C_LANGUAGE_STANDARD = gnu11;
				GCC_NO_COMMON_BLOCKS = YES;
				GCC_WARN_64_TO_32_BIT_CONVERSION = YES;
				GCC_WARN_ABOUT_RETURN_TYPE = YES_ERROR;
				GCC_WARN_UNDECLARED_SELECTOR = YES;
				GCC_WARN_UNINITIALIZED_AUTOS = YES_AGGRESSIVE;
				GCC_WARN_UNUSED_FUNCTION = YES;
				GCC_WARN_UNUSED_VARIABLE = YES;
				IPHONEOS_DEPLOYMENT_TARGET = 15.2;
				MTL_ENABLE_DEBUG_INFO = NO;
				MTL_FAST_MATH = YES;
				SDKROOT = iphoneos;
				SWIFT_COMPILATION_MODE = wholemodule;
				SWIFT_OPTIMIZATION_LEVEL = "-O";
				VALIDATE_PRODUCT = YES;
			};
			name = Release;
		};
		10E34846277C873700E2E620 /* Debug */ = {
			isa = XCBuildConfiguration;
			buildSettings = {
				ASSETCATALOG_COMPILER_APPICON_NAME = AppIcon;
				ASSETCATALOG_COMPILER_GLOBAL_ACCENT_COLOR_NAME = AccentColor;
				CODE_SIGN_STYLE = Automatic;
				CURRENT_PROJECT_VERSION = 1;
				GENERATE_INFOPLIST_FILE = YES;
				INFOPLIST_FILE = LearningAutoLayout/Files/Info.plist;
				INFOPLIST_KEY_UIApplicationSupportsIndirectInputEvents = YES;
				INFOPLIST_KEY_UILaunchStoryboardName = LaunchScreen;
				INFOPLIST_KEY_UISupportedInterfaceOrientations_iPad = "UIInterfaceOrientationPortrait UIInterfaceOrientationPortraitUpsideDown UIInterfaceOrientationLandscapeLeft UIInterfaceOrientationLandscapeRight";
				INFOPLIST_KEY_UISupportedInterfaceOrientations_iPhone = "UIInterfaceOrientationPortrait UIInterfaceOrientationLandscapeLeft UIInterfaceOrientationLandscapeRight";
				LD_RUNPATH_SEARCH_PATHS = (
					"$(inherited)",
					"@executable_path/Frameworks",
				);
				MARKETING_VERSION = 1.0;
				PRODUCT_BUNDLE_IDENTIFIER = com.myapps.LearningAutoLayout;
				PRODUCT_NAME = "$(TARGET_NAME)";
				SWIFT_EMIT_LOC_STRINGS = YES;
				SWIFT_VERSION = 5.0;
				TARGETED_DEVICE_FAMILY = "1,2";
			};
			name = Debug;
		};
		10E34847277C873700E2E620 /* Release */ = {
			isa = XCBuildConfiguration;
			buildSettings = {
				ASSETCATALOG_COMPILER_APPICON_NAME = AppIcon;
				ASSETCATALOG_COMPILER_GLOBAL_ACCENT_COLOR_NAME = AccentColor;
				CODE_SIGN_STYLE = Automatic;
				CURRENT_PROJECT_VERSION = 1;
				GENERATE_INFOPLIST_FILE = YES;
				INFOPLIST_FILE = LearningAutoLayout/Files/Info.plist;
				INFOPLIST_KEY_UIApplicationSupportsIndirectInputEvents = YES;
				INFOPLIST_KEY_UILaunchStoryboardName = LaunchScreen;
				INFOPLIST_KEY_UISupportedInterfaceOrientations_iPad = "UIInterfaceOrientationPortrait UIInterfaceOrientationPortraitUpsideDown UIInterfaceOrientationLandscapeLeft UIInterfaceOrientationLandscapeRight";
				INFOPLIST_KEY_UISupportedInterfaceOrientations_iPhone = "UIInterfaceOrientationPortrait UIInterfaceOrientationLandscapeLeft UIInterfaceOrientationLandscapeRight";
				LD_RUNPATH_SEARCH_PATHS = (
					"$(inherited)",
					"@executable_path/Frameworks",
				);
				MARKETING_VERSION = 1.0;
				PRODUCT_BUNDLE_IDENTIFIER = com.myapps.LearningAutoLayout;
				PRODUCT_NAME = "$(TARGET_NAME)";
				SWIFT_EMIT_LOC_STRINGS = YES;
				SWIFT_VERSION = 5.0;
				TARGETED_DEVICE_FAMILY = "1,2";
			};
			name = Release;
		};
/* End XCBuildConfiguration section */

/* Begin XCConfigurationList section */
		10E3482C277C873700E2E620 /* Build configuration list for PBXProject "LearningAutoLayout" */ = {
			isa = XCConfigurationList;
			buildConfigurations = (
				10E34843277C873700E2E620 /* Debug */,
				10E34844277C873700E2E620 /* Release */,
			);
			defaultConfigurationIsVisible = 0;
			defaultConfigurationName = Release;
		};
		10E34845277C873700E2E620 /* Build configuration list for PBXNativeTarget "LearningAutoLayout" */ = {
			isa = XCConfigurationList;
			buildConfigurations = (
				10E34846277C873700E2E620 /* Debug */,
				10E34847277C873700E2E620 /* Release */,
			);
			defaultConfigurationIsVisible = 0;
			defaultConfigurationName = Release;
		};
/* End XCConfigurationList section */
	};
	rootObject = 10E34829277C873700E2E620 /* Project object */;
}
